// !$*UTF8*$!
{
	archiveVersion = 1;
	classes = {
	};
	objectVersion = 50;
	objects = {

/* Begin PBXBuildFile section */
		2B5E593C23E1E99C00F61A35 /* AppDelegate.swift in Sources */ = {isa = PBXBuildFile; fileRef = 2B5E593B23E1E99C00F61A35 /* AppDelegate.swift */; };
		2B5E593E23E1E99C00F61A35 /* SceneDelegate.swift in Sources */ = {isa = PBXBuildFile; fileRef = 2B5E593D23E1E99C00F61A35 /* SceneDelegate.swift */; };
		2B5E594023E1E99C00F61A35 /* ViewController.swift in Sources */ = {isa = PBXBuildFile; fileRef = 2B5E593F23E1E99C00F61A35 /* ViewController.swift */; };
		2B5E594323E1E99C00F61A35 /* Main.storyboard in Resources */ = {isa = PBXBuildFile; fileRef = 2B5E594123E1E99C00F61A35 /* Main.storyboard */; };
		2B5E594523E1E99D00F61A35 /* Assets.xcassets in Resources */ = {isa = PBXBuildFile; fileRef = 2B5E594423E1E99D00F61A35 /* Assets.xcassets */; };
		2B5E594823E1E99E00F61A35 /* LaunchScreen.storyboard in Resources */ = {isa = PBXBuildFile; fileRef = 2B5E594623E1E99E00F61A35 /* LaunchScreen.storyboard */; };
		2B5E595623E1F22800F61A35 /* InfoSliderCell.swift in Sources */ = {isa = PBXBuildFile; fileRef = 2B5E595523E1F22800F61A35 /* InfoSliderCell.swift */; };
		2B5E595823E1F35200F61A35 /* InfoSlider.swift in Sources */ = {isa = PBXBuildFile; fileRef = 2B5E595723E1F35200F61A35 /* InfoSlider.swift */; };
/* End PBXBuildFile section */

/* Begin PBXFileReference section */
		2B5E593823E1E99C00F61A35 /* Parking.app */ = {isa = PBXFileReference; explicitFileType = wrapper.application; includeInIndex = 0; path = Parking.app; sourceTree = BUILT_PRODUCTS_DIR; };
		2B5E593B23E1E99C00F61A35 /* AppDelegate.swift */ = {isa = PBXFileReference; lastKnownFileType = sourcecode.swift; path = AppDelegate.swift; sourceTree = "<group>"; };
		2B5E593D23E1E99C00F61A35 /* SceneDelegate.swift */ = {isa = PBXFileReference; lastKnownFileType = sourcecode.swift; path = SceneDelegate.swift; sourceTree = "<group>"; };
		2B5E593F23E1E99C00F61A35 /* ViewController.swift */ = {isa = PBXFileReference; lastKnownFileType = sourcecode.swift; path = ViewController.swift; sourceTree = "<group>"; };
		2B5E594223E1E99C00F61A35 /* Base */ = {isa = PBXFileReference; lastKnownFileType = file.storyboard; name = Base; path = Base.lproj/Main.storyboard; sourceTree = "<group>"; };
		2B5E594423E1E99D00F61A35 /* Assets.xcassets */ = {isa = PBXFileReference; lastKnownFileType = folder.assetcatalog; path = Assets.xcassets; sourceTree = "<group>"; };
		2B5E594723E1E99E00F61A35 /* Base */ = {isa = PBXFileReference; lastKnownFileType = file.storyboard; name = Base; path = Base.lproj/LaunchScreen.storyboard; sourceTree = "<group>"; };
		2B5E594923E1E99E00F61A35 /* Info.plist */ = {isa = PBXFileReference; lastKnownFileType = text.plist.xml; path = Info.plist; sourceTree = "<group>"; };
		2B5E595523E1F22800F61A35 /* InfoSliderCell.swift */ = {isa = PBXFileReference; lastKnownFileType = sourcecode.swift; path = InfoSliderCell.swift; sourceTree = "<group>"; };
		2B5E595723E1F35200F61A35 /* InfoSlider.swift */ = {isa = PBXFileReference; lastKnownFileType = sourcecode.swift; path = InfoSlider.swift; sourceTree = "<group>"; };
/* End PBXFileReference section */

/* Begin PBXFrameworksBuildPhase section */
		2B5E593523E1E99C00F61A35 /* Frameworks */ = {
			isa = PBXFrameworksBuildPhase;
			buildActionMask = 2147483647;
			files = (
			);
			runOnlyForDeploymentPostprocessing = 0;
		};
/* End PBXFrameworksBuildPhase section */

/* Begin PBXGroup section */
		2B5E592F23E1E99C00F61A35 = {
			isa = PBXGroup;
			children = (
				2B5E593A23E1E99C00F61A35 /* Parking */,
				2B5E593923E1E99C00F61A35 /* Products */,
			);
			sourceTree = "<group>";
		};
		2B5E593923E1E99C00F61A35 /* Products */ = {
			isa = PBXGroup;
			children = (
				2B5E593823E1E99C00F61A35 /* Parking.app */,
			);
			name = Products;
			sourceTree = "<group>";
		};
		2B5E593A23E1E99C00F61A35 /* Parking */ = {
			isa = PBXGroup;
			children = (
				2B5E593B23E1E99C00F61A35 /* AppDelegate.swift */,
				2B5E593D23E1E99C00F61A35 /* SceneDelegate.swift */,
				2B5E595923E1F37600F61A35 /* Models */,
				2B5E595123E1F1D300F61A35 /* Controllers */,
				2B5E595423E1F20500F61A35 /* Views */,
				2B5E594423E1E99D00F61A35 /* Assets.xcassets */,
				2B5E594623E1E99E00F61A35 /* LaunchScreen.storyboard */,
				2B5E594923E1E99E00F61A35 /* Info.plist */,
			);
			path = Parking;
			sourceTree = "<group>";
		};
		2B5E595123E1F1D300F61A35 /* Controllers */ = {
			isa = PBXGroup;
			children = (
				2B5E593F23E1E99C00F61A35 /* ViewController.swift */,
			);
			path = Controllers;
			sourceTree = "<group>";
		};
		2B5E595423E1F20500F61A35 /* Views */ = {
			isa = PBXGroup;
			children = (
				2B5E594123E1E99C00F61A35 /* Main.storyboard */,
				2B5E595523E1F22800F61A35 /* InfoSliderCell.swift */,
			);
			path = Views;
			sourceTree = "<group>";
		};
		2B5E595923E1F37600F61A35 /* Models */ = {
			isa = PBXGroup;
			children = (
				2B5E595723E1F35200F61A35 /* InfoSlider.swift */,
			);
			path = Models;
			sourceTree = "<group>";
		};
/* End PBXGroup section */

/* Begin PBXNativeTarget section */
		2B5E593723E1E99C00F61A35 /* Parking */ = {
			isa = PBXNativeTarget;
			buildConfigurationList = 2B5E594C23E1E99E00F61A35 /* Build configuration list for PBXNativeTarget "Parking" */;
			buildPhases = (
				2B5E593423E1E99C00F61A35 /* Sources */,
				2B5E593523E1E99C00F61A35 /* Frameworks */,
				2B5E593623E1E99C00F61A35 /* Resources */,
			);
			buildRules = (
			);
			dependencies = (
			);
			name = Parking;
			productName = Parking;
			productReference = 2B5E593823E1E99C00F61A35 /* Parking.app */;
			productType = "com.apple.product-type.application";
		};
/* End PBXNativeTarget section */

/* Begin PBXProject section */
		2B5E593023E1E99C00F61A35 /* Project object */ = {
			isa = PBXProject;
			attributes = {
				LastSwiftUpdateCheck = 1130;
				LastUpgradeCheck = 1130;
				ORGANIZATIONNAME = "Sugirbay Margulan";
				TargetAttributes = {
					2B5E593723E1E99C00F61A35 = {
						CreatedOnToolsVersion = 11.3;
					};
				};
			};
			buildConfigurationList = 2B5E593323E1E99C00F61A35 /* Build configuration list for PBXProject "Parking" */;
			compatibilityVersion = "Xcode 9.3";
			developmentRegion = en;
			hasScannedForEncodings = 0;
			knownRegions = (
				en,
				Base,
			);
			mainGroup = 2B5E592F23E1E99C00F61A35;
			productRefGroup = 2B5E593923E1E99C00F61A35 /* Products */;
			projectDirPath = "";
			projectRoot = "";
			targets = (
				2B5E593723E1E99C00F61A35 /* Parking */,
			);
		};
/* End PBXProject section */

/* Begin PBXResourcesBuildPhase section */
		2B5E593623E1E99C00F61A35 /* Resources */ = {
			isa = PBXResourcesBuildPhase;
			buildActionMask = 2147483647;
			files = (
				2B5E594823E1E99E00F61A35 /* LaunchScreen.storyboard in Resources */,
				2B5E594523E1E99D00F61A35 /* Assets.xcassets in Resources */,
				2B5E594323E1E99C00F61A35 /* Main.storyboard in Resources */,
			);
			runOnlyForDeploymentPostprocessing = 0;
		};
/* End PBXResourcesBuildPhase section */

/* Begin PBXSourcesBuildPhase section */
		2B5E593423E1E99C00F61A35 /* Sources */ = {
			isa = PBXSourcesBuildPhase;
			buildActionMask = 2147483647;
			files = (
				2B5E594023E1E99C00F61A35 /* ViewController.swift in Sources */,
				2B5E593C23E1E99C00F61A35 /* AppDelegate.swift in Sources */,
				2B5E593E23E1E99C00F61A35 /* SceneDelegate.swift in Sources */,
				2B5E595823E1F35200F61A35 /* InfoSlider.swift in Sources */,
				2B5E595623E1F22800F61A35 /* InfoSliderCell.swift in Sources */,
			);
			runOnlyForDeploymentPostprocessing = 0;
		};
/* End PBXSourcesBuildPhase section */

/* Begin PBXVariantGroup section */
		2B5E594123E1E99C00F61A35 /* Main.storyboard */ = {
			isa = PBXVariantGroup;
			children = (
				2B5E594223E1E99C00F61A35 /* Base */,
			);
			name = Main.storyboard;
			sourceTree = "<group>";
		};
		2B5E594623E1E99E00F61A35 /* LaunchScreen.storyboard */ = {
			isa = PBXVariantGroup;
			children = (
				2B5E594723E1E99E00F61A35 /* Base */,
			);
			name = LaunchScreen.storyboard;
			sourceTree = "<group>";
		};
/* End PBXVariantGroup section */

/* Begin XCBuildConfiguration section */
		2B5E594A23E1E99E00F61A35 /* Debug */ = {
			isa = XCBuildConfiguration;
			buildSettings = {
				ALWAYS_SEARCH_USER_PATHS = NO;
				CLANG_ANALYZER_NONNULL = YES;
				CLANG_ANALYZER_NUMBER_OBJECT_CONVERSION = YES_AGGRESSIVE;
				CLANG_CXX_LANGUAGE_STANDARD = "gnu++14";
				CLANG_CXX_LIBRARY = "libc++";
				CLANG_ENABLE_MODULES = YES;
				CLANG_ENABLE_OBJC_ARC = YES;
				CLANG_ENABLE_OBJC_WEAK = YES;
				CLANG_WARN_BLOCK_CAPTURE_AUTORELEASING = YES;
				CLANG_WARN_BOOL_CONVERSION = YES;
				CLANG_WARN_COMMA = YES;
				CLANG_WARN_CONSTANT_CONVERSION = YES;
				CLANG_WARN_DEPRECATED_OBJC_IMPLEMENTATIONS = YES;
				CLANG_WARN_DIRECT_OBJC_ISA_USAGE = YES_ERROR;
				CLANG_WARN_DOCUMENTATION_COMMENTS = YES;
				CLANG_WARN_EMPTY_BODY = YES;
				CLANG_WARN_ENUM_CONVERSION = YES;
				CLANG_WARN_INFINITE_RECURSION = YES;
				CLANG_WARN_INT_CONVERSION = YES;
				CLANG_WARN_NON_LITERAL_NULL_CONVERSION = YES;
				CLANG_WARN_OBJC_IMPLICIT_RETAIN_SELF = YES;
				CLANG_WARN_OBJC_LITERAL_CONVERSION = YES;
				CLANG_WARN_OBJC_ROOT_CLASS = YES_ERROR;
				CLANG_WARN_RANGE_LOOP_ANALYSIS = YES;
				CLANG_WARN_STRICT_PROTOTYPES = YES;
				CLANG_WARN_SUSPICIOUS_MOVE = YES;
				CLANG_WARN_UNGUARDED_AVAILABILITY = YES_AGGRESSIVE;
				CLANG_WARN_UNREACHABLE_CODE = YES;
				CLANG_WARN__DUPLICATE_METHOD_MATCH = YES;
				COPY_PHASE_STRIP = NO;
				DEBUG_INFORMATION_FORMAT = dwarf;
				ENABLE_STRICT_OBJC_MSGSEND = YES;
				ENABLE_TESTABILITY = YES;
				GCC_C_LANGUAGE_STANDARD = gnu11;
				GCC_DYNAMIC_NO_PIC = NO;
				GCC_NO_COMMON_BLOCKS = YES;
				GCC_OPTIMIZATION_LEVEL = 0;
				GCC_PREPROCESSOR_DEFINITIONS = (
					"DEBUG=1",
					"$(inherited)",
				);
				GCC_WARN_64_TO_32_BIT_CONVERSION = YES;
				GCC_WARN_ABOUT_RETURN_TYPE = YES_ERROR;
				GCC_WARN_UNDECLARED_SELECTOR = YES;
				GCC_WARN_UNINITIALIZED_AUTOS = YES_AGGRESSIVE;
				GCC_WARN_UNUSED_FUNCTION = YES;
				GCC_WARN_UNUSED_VARIABLE = YES;
				IPHONEOS_DEPLOYMENT_TARGET = 13.2;
				MTL_ENABLE_DEBUG_INFO = INCLUDE_SOURCE;
				MTL_FAST_MATH = YES;
				ONLY_ACTIVE_ARCH = YES;
				SDKROOT = iphoneos;
				SWIFT_ACTIVE_COMPILATION_CONDITIONS = DEBUG;
				SWIFT_OPTIMIZATION_LEVEL = "-Onone";
			};
			name = Debug;
		};
		2B5E594B23E1E99E00F61A35 /* Release */ = {
			isa = XCBuildConfiguration;
			buildSettings = {
				ALWAYS_SEARCH_USER_PATHS = NO;
				CLANG_ANALYZER_NONNULL = YES;
				CLANG_ANALYZER_NUMBER_OBJECT_CONVERSION = YES_AGGRESSIVE;
				CLANG_CXX_LANGUAGE_STANDARD = "gnu++14";
				CLANG_CXX_LIBRARY = "libc++";
				CLANG_ENABLE_MODULES = YES;
				CLANG_ENABLE_OBJC_ARC = YES;
				CLANG_ENABLE_OBJC_WEAK = YES;
				CLANG_WARN_BLOCK_CAPTURE_AUTORELEASING = YES;
				CLANG_WARN_BOOL_CONVERSION = YES;
				CLANG_WARN_COMMA = YES;
				CLANG_WARN_CONSTANT_CONVERSION = YES;
				CLANG_WARN_DEPRECATED_OBJC_IMPLEMENTATIONS = YES;
				CLANG_WARN_DIRECT_OBJC_ISA_USAGE = YES_ERROR;
				CLANG_WARN_DOCUMENTATION_COMMENTS = YES;
				CLANG_WARN_EMPTY_BODY = YES;
				CLANG_WARN_ENUM_CONVERSION = YES;
				CLANG_WARN_INFINITE_RECURSION = YES;
				CLANG_WARN_INT_CONVERSION = YES;
				CLANG_WARN_NON_LITERAL_NULL_CONVERSION = YES;
				CLANG_WARN_OBJC_IMPLICIT_RETAIN_SELF = YES;
				CLANG_WARN_OBJC_LITERAL_CONVERSION = YES;
				CLANG_WARN_OBJC_ROOT_CLASS = YES_ERROR;
				CLANG_WARN_RANGE_LOOP_ANALYSIS = YES;
				CLANG_WARN_STRICT_PROTOTYPES = YES;
				CLANG_WARN_SUSPICIOUS_MOVE = YES;
				CLANG_WARN_UNGUARDED_AVAILABILITY = YES_AGGRESSIVE;
				CLANG_WARN_UNREACHABLE_CODE = YES;
				CLANG_WARN__DUPLICATE_METHOD_MATCH = YES;
				COPY_PHASE_STRIP = NO;
				DEBUG_INFORMATION_FORMAT = "dwarf-with-dsym";
				ENABLE_NS_ASSERTIONS = NO;
				ENABLE_STRICT_OBJC_MSGSEND = YES;
				GCC_C_LANGUAGE_STANDARD = gnu11;
				GCC_NO_COMMON_BLOCKS = YES;
				GCC_WARN_64_TO_32_BIT_CONVERSION = YES;
				GCC_WARN_ABOUT_RETURN_TYPE = YES_ERROR;
				GCC_WARN_UNDECLARED_SELECTOR = YES;
				GCC_WARN_UNINITIALIZED_AUTOS = YES_AGGRESSIVE;
				GCC_WARN_UNUSED_FUNCTION = YES;
				GCC_WARN_UNUSED_VARIABLE = YES;
				IPHONEOS_DEPLOYMENT_TARGET = 13.2;
				MTL_ENABLE_DEBUG_INFO = NO;
				MTL_FAST_MATH = YES;
				SDKROOT = iphoneos;
				SWIFT_COMPILATION_MODE = wholemodule;
				SWIFT_OPTIMIZATION_LEVEL = "-O";
				VALIDATE_PRODUCT = YES;
			};
			name = Release;
		};
		2B5E594D23E1E99E00F61A35 /* Debug */ = {
			isa = XCBuildConfiguration;
			buildSettings = {
				ASSETCATALOG_COMPILER_APPICON_NAME = AppIcon;
				CODE_SIGN_STYLE = Automatic;
				DEVELOPMENT_TEAM = S7RP66WUPZ;
				INFOPLIST_FILE = Parking/Info.plist;
				LD_RUNPATH_SEARCH_PATHS = (
					"$(inherited)",
					"@executable_path/Frameworks",
				);
				PRODUCT_BUNDLE_IDENTIFIER = makintosh.Parking;
				PRODUCT_NAME = "$(TARGET_NAME)";
				SWIFT_VERSION = 5.0;
				TARGETED_DEVICE_FAMILY = "1,2";
			};
			name = Debug;
		};
		2B5E594E23E1E99E00F61A35 /* Release */ = {
			isa = XCBuildConfiguration;
			buildSettings = {
				ASSETCATALOG_COMPILER_APPICON_NAME = AppIcon;
				CODE_SIGN_STYLE = Automatic;
				DEVELOPMENT_TEAM = S7RP66WUPZ;
				INFOPLIST_FILE = Parking/Info.plist;
				LD_RUNPATH_SEARCH_PATHS = (
					"$(inherited)",
					"@executable_path/Frameworks",
				);
				PRODUCT_BUNDLE_IDENTIFIER = makintosh.Parking;
				PRODUCT_NAME = "$(TARGET_NAME)";
				SWIFT_VERSION = 5.0;
				TARGETED_DEVICE_FAMILY = "1,2";
			};
			name = Release;
		};
/* End XCBuildConfiguration section */

/* Begin XCConfigurationList section */
		2B5E593323E1E99C00F61A35 /* Build configuration list for PBXProject "Parking" */ = {
			isa = XCConfigurationList;
			buildConfigurations = (
				2B5E594A23E1E99E00F61A35 /* Debug */,
				2B5E594B23E1E99E00F61A35 /* Release */,
			);
			defaultConfigurationIsVisible = 0;
			defaultConfigurationName = Release;
		};
		2B5E594C23E1E99E00F61A35 /* Build configuration list for PBXNativeTarget "Parking" */ = {
			isa = XCConfigurationList;
			buildConfigurations = (
				2B5E594D23E1E99E00F61A35 /* Debug */,
				2B5E594E23E1E99E00F61A35 /* Release */,
			);
			defaultConfigurationIsVisible = 0;
			defaultConfigurationName = Release;
		};
/* End XCConfigurationList section */
	};
	rootObject = 2B5E593023E1E99C00F61A35 /* Project object */;
}
